
Microsoft Visual Studio Solution File, Format Version 12.00
# Visual Studio Version 17
VisualStudioVersion = 17.5.002.0
MinimumVisualStudioVersion = 10.0.40219.1
Project("{9A19103F-16F7-4668-BE54-9A1E7A4F7556}") = "EMS.API", "EMS.API.csproj", "{BE08D6A4-EC01-4DAD-BEFB-A9CD6133A623}"
EndProject
Global
	GlobalSection(SolutionConfigurationPlatforms) = preSolution
		Debug|Any CPU = Debug|Any CPU
		Release|Any CPU = Release|Any CPU
	EndGlobalSection
	GlobalSection(ProjectConfigurationPlatforms) = postSolution
		{BE08D6A4-EC01-4DAD-BEFB-A9CD6133A623}.Debug|Any CPU.ActiveCfg = Debug|Any CPU
		{BE08D6A4-EC01-4DAD-BEFB-A9CD6133A623}.Debug|Any CPU.Build.0 = Debug|Any CPU
		{BE08D6A4-EC01-4DAD-BEFB-A9CD6133A623}.Release|Any CPU.ActiveCfg = Release|Any CPU
		{BE08D6A4-EC01-4DAD-BEFB-A9CD6133A623}.Release|Any CPU.Build.0 = Release|Any CPU
	EndGlobalSection
	GlobalSection(SolutionProperties) = preSolution
		HideSolutionNode = FALSE
	EndGlobalSection
	GlobalSection(ExtensibilityGlobals) = postSolution
		SolutionGuid = {8841D9EE-C4C3-4B24-B107-FA9DDE72D5BF}
	EndGlobalSection
EndGlobal
